
Microsoft Visual Studio Solution File, Format Version 12.00
# Visual Studio Version 16
VisualStudioVersion = 16.0.32126.315
MinimumVisualStudioVersion = 10.0.40219.1
Project("{FAE04EC0-301F-11D3-BF4B-00C04F79EFBC}") = "WebScrapper", "WebScrapper\WebScrapper.csproj", "{5E27004B-BDD1-4142-905C-023E75FF42CC}"
EndProject
Global
	GlobalSection(SolutionConfigurationPlatforms) = preSolution
		Debug|Any CPU = Debug|Any CPU
		Release|Any CPU = Release|Any CPU
	EndGlobalSection
	GlobalSection(ProjectConfigurationPlatforms) = postSolution
		{5E27004B-BDD1-4142-905C-023E75FF42CC}.Debug|Any CPU.ActiveCfg = Debug|Any CPU
		{5E27004B-BDD1-4142-905C-023E75FF42CC}.Debug|Any CPU.Build.0 = Debug|Any CPU
		{5E27004B-BDD1-4142-905C-023E75FF42CC}.Release|Any CPU.ActiveCfg = Release|Any CPU
		{5E27004B-BDD1-4142-905C-023E75FF42CC}.Release|Any CPU.Build.0 = Release|Any CPU
	EndGlobalSection
	GlobalSection(SolutionProperties) = preSolution
		HideSolutionNode = FALSE
	EndGlobalSection
	GlobalSection(ExtensibilityGlobals) = postSolution
		SolutionGuid = {FE3DC84E-8552-44B2-ADED-3DE89516CECC}
	EndGlobalSection
EndGlobal
